
Microsoft Visual Studio Solution File, Format Version 12.00
# Visual Studio Version 16
Project("{8BC9CEB8-8B4A-11D0-8D11-00A0C91BC942}") = "ALL_BUILD", "ALL_BUILD.vcxproj", "{1E290B1F-139F-3928-A18D-EEE5C1ADD152}"
	ProjectSection(ProjectDependencies) = postProject
		{D946B435-C442-3796-820D-C94B2FAE853C} = {D946B435-C442-3796-820D-C94B2FAE853C}
		{94125AFD-DC1C-30BB-94ED-8725DCD6CFF2} = {94125AFD-DC1C-30BB-94ED-8725DCD6CFF2}
	EndProjectSection
EndProject
Project("{8BC9CEB8-8B4A-11D0-8D11-00A0C91BC942}") = "INSTALL", "INSTALL.vcxproj", "{FDA0E41D-61FE-3AC9-8F49-694FCD089B9C}"
	ProjectSection(ProjectDependencies) = postProject
		{1E290B1F-139F-3928-A18D-EEE5C1ADD152} = {1E290B1F-139F-3928-A18D-EEE5C1ADD152}
		{D946B435-C442-3796-820D-C94B2FAE853C} = {D946B435-C442-3796-820D-C94B2FAE853C}
	EndProjectSection
EndProject
Project("{8BC9CEB8-8B4A-11D0-8D11-00A0C91BC942}") = "ZERO_CHECK", "..\..\\ZERO_CHECK.vcxproj", "{D946B435-C442-3796-820D-C94B2FAE853C}"
	ProjectSection(ProjectDependencies) = postProject
	EndProjectSection
EndProject
Project("{8BC9CEB8-8B4A-11D0-8D11-00A0C91BC942}") = "zlibstatic", "zlibstatic.vcxproj", "{94125AFD-DC1C-30BB-94ED-8725DCD6CFF2}"
	ProjectSection(ProjectDependencies) = postProject
		{D946B435-C442-3796-820D-C94B2FAE853C} = {D946B435-C442-3796-820D-C94B2FAE853C}
	EndProjectSection
EndProject
Global
	GlobalSection(SolutionConfigurationPlatforms) = preSolution
		Debug|x64 = Debug|x64
		Release|x64 = Release|x64
		MinSizeRel|x64 = MinSizeRel|x64
		RelWithDebInfo|x64 = RelWithDebInfo|x64
	EndGlobalSection
	GlobalSection(ProjectConfigurationPlatforms) = postSolution
		{1E290B1F-139F-3928-A18D-EEE5C1ADD152}.Debug|x64.ActiveCfg = Debug|x64
		{1E290B1F-139F-3928-A18D-EEE5C1ADD152}.Debug|x64.Build.0 = Debug|x64
		{1E290B1F-139F-3928-A18D-EEE5C1ADD152}.Release|x64.ActiveCfg = Release|x64
		{1E290B1F-139F-3928-A18D-EEE5C1ADD152}.Release|x64.Build.0 = Release|x64
		{1E290B1F-139F-3928-A18D-EEE5C1ADD152}.MinSizeRel|x64.ActiveCfg = MinSizeRel|x64
		{1E290B1F-139F-3928-A18D-EEE5C1ADD152}.MinSizeRel|x64.Build.0 = MinSizeRel|x64
		{1E290B1F-139F-3928-A18D-EEE5C1ADD152}.RelWithDebInfo|x64.ActiveCfg = RelWithDebInfo|x64
		{1E290B1F-139F-3928-A18D-EEE5C1ADD152}.RelWithDebInfo|x64.Build.0 = RelWithDebInfo|x64
		{FDA0E41D-61FE-3AC9-8F49-694FCD089B9C}.Debug|x64.ActiveCfg = Debug|x64
		{FDA0E41D-61FE-3AC9-8F49-694FCD089B9C}.Release|x64.ActiveCfg = Release|x64
		{FDA0E41D-61FE-3AC9-8F49-694FCD089B9C}.MinSizeRel|x64.ActiveCfg = MinSizeRel|x64
		{FDA0E41D-61FE-3AC9-8F49-694FCD089B9C}.RelWithDebInfo|x64.ActiveCfg = RelWithDebInfo|x64
		{D946B435-C442-3796-820D-C94B2FAE853C}.Debug|x64.ActiveCfg = Debug|x64
		{D946B435-C442-3796-820D-C94B2FAE853C}.Debug|x64.Build.0 = Debug|x64
		{D946B435-C442-3796-820D-C94B2FAE853C}.Release|x64.ActiveCfg = Release|x64
		{D946B435-C442-3796-820D-C94B2FAE853C}.Release|x64.Build.0 = Release|x64
		{D946B435-C442-3796-820D-C94B2FAE853C}.MinSizeRel|x64.ActiveCfg = MinSizeRel|x64
		{D946B435-C442-3796-820D-C94B2FAE853C}.MinSizeRel|x64.Build.0 = MinSizeRel|x64
		{D946B435-C442-3796-820D-C94B2FAE853C}.RelWithDebInfo|x64.ActiveCfg = RelWithDebInfo|x64
		{D946B435-C442-3796-820D-C94B2FAE853C}.RelWithDebInfo|x64.Build.0 = RelWithDebInfo|x64
		{94125AFD-DC1C-30BB-94ED-8725DCD6CFF2}.Debug|x64.ActiveCfg = Debug|x64
		{94125AFD-DC1C-30BB-94ED-8725DCD6CFF2}.Debug|x64.Build.0 = Debug|x64
		{94125AFD-DC1C-30BB-94ED-8725DCD6CFF2}.Release|x64.ActiveCfg = Release|x64
		{94125AFD-DC1C-30BB-94ED-8725DCD6CFF2}.Release|x64.Build.0 = Release|x64
		{94125AFD-DC1C-30BB-94ED-8725DCD6CFF2}.MinSizeRel|x64.ActiveCfg = MinSizeRel|x64
		{94125AFD-DC1C-30BB-94ED-8725DCD6CFF2}.MinSizeRel|x64.Build.0 = MinSizeRel|x64
		{94125AFD-DC1C-30BB-94ED-8725DCD6CFF2}.RelWithDebInfo|x64.ActiveCfg = RelWithDebInfo|x64
		{94125AFD-DC1C-30BB-94ED-8725DCD6CFF2}.RelWithDebInfo|x64.Build.0 = RelWithDebInfo|x64
	EndGlobalSection
	GlobalSection(ExtensibilityGlobals) = postSolution
		SolutionGuid = {4A4EEF3B-A9AA-3A47-A47F-7CF6AFBF8F66}
	EndGlobalSection
	GlobalSection(ExtensibilityAddIns) = postSolution
	EndGlobalSection
EndGlobal
